
Microsoft Visual Studio Solution File, Format Version 12.00
# Visual Studio Version 16
VisualStudioVersion = 16.0.32630.194
MinimumVisualStudioVersion = 10.0.40219.1
Project("{FAE04EC0-301F-11D3-BF4B-00C04F79EFBC}") = "Collections", "Collections\Collections.csproj", "{B3A9667D-D0B2-4419-84BB-1524A9227FEB}"
EndProject
Global
	GlobalSection(SolutionConfigurationPlatforms) = preSolution
		Debug|Any CPU = Debug|Any CPU
		Release|Any CPU = Release|Any CPU
	EndGlobalSection
	GlobalSection(ProjectConfigurationPlatforms) = postSolution
		{B3A9667D-D0B2-4419-84BB-1524A9227FEB}.Debug|Any CPU.ActiveCfg = Debug|Any CPU
		{B3A9667D-D0B2-4419-84BB-1524A9227FEB}.Debug|Any CPU.Build.0 = Debug|Any CPU
		{B3A9667D-D0B2-4419-84BB-1524A9227FEB}.Release|Any CPU.ActiveCfg = Release|Any CPU
		{B3A9667D-D0B2-4419-84BB-1524A9227FEB}.Release|Any CPU.Build.0 = Release|Any CPU
	EndGlobalSection
	GlobalSection(SolutionProperties) = preSolution
		HideSolutionNode = FALSE
	EndGlobalSection
	GlobalSection(ExtensibilityGlobals) = postSolution
		SolutionGuid = {FC546DFA-B85F-448C-B8FA-A2D7065356D9}
	EndGlobalSection
EndGlobal
